# THIS IS AN AUTOGENERATED FILE. DO NOT EDIT THIS FILE DIRECTLY.
# yarn lockfile v1


"@babel/parser@^7.16.4":
  version "7.18.0"
  resolved "https://artifactory.otxlab.net:443/artifactory/api/npm/NPM_ORG/@babel/parser/-/parser-7.18.0.tgz#10a8d4e656bc01128d299a787aa006ce1a91e112"
  integrity sha1-EKjU5la8ARKNKZp4eqAGzhqR4RI=

"@microsoft/api-extractor-model@7.17.3":
  version "7.17.3"
  resolved "https://artifactory.otxlab.net:443/artifactory/api/npm/NPM_ORG/@microsoft/api-extractor-model/-/api-extractor-model-7.17.3.tgz#06899902ab1c10b85690232f21c1585cc158d983"
  integrity sha1-BomZAqscELhWkCMvIcFYXMFY2YM=
  dependencies:
    "@microsoft/tsdoc" "0.14.1"
    "@microsoft/tsdoc-config" "~0.16.1"
    "@rushstack/node-core-library" "3.45.5"

"@microsoft/api-extractor@^7.20.0":
  version "7.24.1"
  resolved "https://artifactory.otxlab.net:443/artifactory/api/npm/NPM_ORG/@microsoft/api-extractor/-/api-extractor-7.24.1.tgz#cbbe32a5f4f32717b60f593cdc172b99e5c76fae"
  integrity sha1-y74ypfTzJxe2D1k83BcrmeXHb64=
  dependencies:
    "@microsoft/api-extractor-model" "7.17.3"
    "@microsoft/tsdoc" "0.14.1"
    "@microsoft/tsdoc-config" "~0.16.1"
    "@rushstack/node-core-library" "3.45.5"
    "@rushstack/rig-package" "0.3.11"
    "@rushstack/ts-command-line" "4.11.0"
    colors "~1.2.1"
    lodash "~4.17.15"
    resolve "~1.17.0"
    semver "~7.3.0"
    source-map "~0.6.1"
    typescript "~4.6.3"

"@microsoft/tsdoc-config@~0.16.1":
  version "0.16.1"
  resolved "https://artifactory.otxlab.net:443/artifactory/api/npm/NPM_ORG/@microsoft/tsdoc-config/-/tsdoc-config-0.16.1.tgz#4de11976c1202854c4618f364bf499b4be33e657"
  integrity sha1-TeEZdsEgKFTEYY82S/SZtL4z5lc=
  dependencies:
    "@microsoft/tsdoc" "0.14.1"
    ajv "~6.12.6"
    jju "~1.4.0"
    resolve "~1.19.0"

"@microsoft/tsdoc@0.14.1":
  version "0.14.1"
  resolved "https://artifactory.otxlab.net:443/artifactory/api/npm/NPM_ORG/@microsoft/tsdoc/-/tsdoc-0.14.1.tgz#155ef21065427901994e765da8a0ba0eaae8b8bd"
  integrity sha1-FV7yEGVCeQGZTnZdqKC6DqrouL0=

"@nodelib/fs.scandir@2.1.5":
  version "2.1.5"
  resolved "https://artifactory.otxlab.net:443/artifactory/api/npm/NPM_ORG/@nodelib/fs.scandir/-/fs.scandir-2.1.5.tgz#7619c2eb21b25483f6d167548b4cfd5a7488c3d5"
  integrity sha1-dhnC6yGyVIP20WdUi0z9WnSIw9U=
  dependencies:
    "@nodelib/fs.stat" "2.0.5"
    run-parallel "^1.1.9"

"@nodelib/fs.stat@2.0.5", "@nodelib/fs.stat@^2.0.2":
  version "2.0.5"
  resolved "https://artifactory.otxlab.net:443/artifactory/api/npm/NPM_ORG/@nodelib/fs.stat/-/fs.stat-2.0.5.tgz#5bd262af94e9d25bd1e71b05deed44876a222e8b"
  integrity sha1-W9Jir5Tp0lvR5xsF3u1Eh2oiLos=

"@nodelib/fs.walk@^1.2.3":
  version "1.2.8"
  resolved "https://artifactory.otxlab.net:443/artifactory/api/npm/NPM_ORG/@nodelib/fs.walk/-/fs.walk-1.2.8.tgz#e95737e8bb6746ddedf69c556953494f196fe69a"
  integrity sha1-6Vc36LtnRt3t9pxVaVNJTxlv5po=
  dependencies:
    "@nodelib/fs.scandir" "2.1.5"
    fastq "^1.6.0"

"@rushstack/node-core-library@3.45.5", "@rushstack/node-core-library@^3.45.1":
  version "3.45.5"
  resolved "https://artifactory.otxlab.net:443/artifactory/api/npm/NPM_ORG/@rushstack/node-core-library/-/node-core-library-3.45.5.tgz#00f92143cc21c3ad94fcd81ba168a40ac8cb77f2"
  integrity sha1-APkhQ8whw62U/NgboWikCsjLd/I=
  dependencies:
    "@types/node" "12.20.24"
    colors "~1.2.1"
    fs-extra "~7.0.1"
    import-lazy "~4.0.0"
    jju "~1.4.0"
    resolve "~1.17.0"
    semver "~7.3.0"
    timsort "~0.3.0"
    z-schema "~5.0.2"

"@rushstack/rig-package@0.3.11":
  version "0.3.11"
  resolved "https://artifactory.otxlab.net:443/artifactory/api/npm/NPM_ORG/@rushstack/rig-package/-/rig-package-0.3.11.tgz#92a05929822610e8b42f2ad330d9ea20afae5165"
  integrity sha1-kqBZKYImEOi0LyrTMNnqIK+uUWU=
  dependencies:
    resolve "~1.17.0"
    strip-json-comments "~3.1.1"

"@rushstack/ts-command-line@4.11.0":
  version "4.11.0"
  resolved "https://artifactory.otxlab.net:443/artifactory/api/npm/NPM_ORG/@rushstack/ts-command-line/-/ts-command-line-4.11.0.tgz#4cd3b9f59b41aed600042936260fdaa55ca0184d"
  integrity sha1-TNO59ZtBrtYABCk2Jg/apVygGE0=
  dependencies:
    "@types/argparse" "1.0.38"
    argparse "~1.0.9"
    colors "~1.2.1"
    string-argv "~0.3.1"

"@ts-morph/common@~0.13.0":
  version "0.13.0"
  resolved "https://artifactory.otxlab.net:443/artifactory/api/npm/NPM_ORG/@ts-morph/common/-/common-0.13.0.tgz#77dea1565baaf002d1bc2c20e05d1fb3349008a9"
  integrity sha1-d96hVluq8ALRvCwg4F0fszSQCKk=
  dependencies:
    fast-glob "^3.2.11"
    minimatch "^5.0.1"
    mkdirp "^1.0.4"
    path-browserify "^1.0.1"

"@types/argparse@1.0.38":
  version "1.0.38"
  resolved "https://artifactory.otxlab.net:443/artifactory/api/npm/NPM_ORG/@types/argparse/-/argparse-1.0.38.tgz#a81fd8606d481f873a3800c6ebae4f1d768a56a9"
  integrity sha1-qB/YYG1IH4c6OADG665PHXaKVqk=

"@types/node@12.20.24":
  version "12.20.24"
  resolved "https://artifactory.otxlab.net:443/artifactory/api/npm/NPM_ORG/@types/node/-/node-12.20.24.tgz#c37ac69cb2948afb4cef95f424fa0037971a9a5c"
  integrity sha1-w3rGnLKUivtM75X0JPoAN5camlw=

"@vitejs/plugin-vue@^2.3.3":
  version "2.3.3"
  resolved "https://artifactory.otxlab.net:443/artifactory/api/npm/NPM_ORG/@vitejs/plugin-vue/-/plugin-vue-2.3.3.tgz#fbf80cc039b82ac21a1acb0f0478de8f61fbf600"
  integrity sha1-+/gMwDm4KsIaGssPBHjej2H79gA=

"@volar/code-gen@0.34.16":
  version "0.34.16"
  resolved "https://artifactory.otxlab.net:443/artifactory/api/npm/NPM_ORG/@volar/code-gen/-/code-gen-0.34.16.tgz#32885846b51d420ab673c0ec5aa5b6b4f8fd9152"
  integrity sha1-MohYRrUdQgq2c8DsWqW2tPj9kVI=
  dependencies:
    "@volar/source-map" "0.34.16"

"@volar/source-map@0.34.16":
  version "0.34.16"
  resolved "https://artifactory.otxlab.net:443/artifactory/api/npm/NPM_ORG/@volar/source-map/-/source-map-0.34.16.tgz#c2f927825604fa0dd7b4ca53292cc6a5dd08f3d7"
  integrity sha1-wvknglYE+g3XtMpTKSzGpd0I89c=

"@volar/vue-code-gen@0.34.16":
  version "0.34.16"
  resolved "https://artifactory.otxlab.net:443/artifactory/api/npm/NPM_ORG/@volar/vue-code-gen/-/vue-code-gen-0.34.16.tgz#2678f0762614bae0f0cafc0dbfcc286facbeab6e"
  integrity sha1-JnjwdiYUuuDwyvwNv8wob6y+q24=
  dependencies:
    "@volar/code-gen" "0.34.16"
    "@volar/source-map" "0.34.16"
    "@vue/compiler-core" "^3.2.31"
    "@vue/compiler-dom" "^3.2.31"
    "@vue/shared" "^3.2.31"

"@volar/vue-typescript@0.34.16":
  version "0.34.16"
  resolved "https://artifactory.otxlab.net:443/artifactory/api/npm/NPM_ORG/@volar/vue-typescript/-/vue-typescript-0.34.16.tgz#016cee6328313c8b4876d3e87747cdcd74a2508f"
  integrity sha1-AWzuYygxPItIdtPod0fNzXSiUI8=
  dependencies:
    "@volar/code-gen" "0.34.16"
    "@volar/source-map" "0.34.16"
    "@volar/vue-code-gen" "0.34.16"
    "@vue/compiler-sfc" "^3.2.31"
    "@vue/reactivity" "^3.2.31"

"@vue/compiler-core@3.2.36", "@vue/compiler-core@^3.2.31":
  version "3.2.36"
  resolved "https://artifactory.otxlab.net:443/artifactory/api/npm/NPM_ORG/@vue/compiler-core/-/compiler-core-3.2.36.tgz#2fa44595308c95610602df54dcb69063ba2c8383"
  integrity sha1-L6RFlTCMlWEGAt9U3LaQY7osg4M=
  dependencies:
    "@babel/parser" "^7.16.4"
    "@vue/shared" "3.2.36"
    estree-walker "^2.0.2"
    source-map "^0.6.1"

"@vue/compiler-dom@3.2.36", "@vue/compiler-dom@^3.2.31":
  version "3.2.36"
  resolved "https://artifactory.otxlab.net:443/artifactory/api/npm/NPM_ORG/@vue/compiler-dom/-/compiler-dom-3.2.36.tgz#16d911ff163ed5fc8087a01645bf14bb7f325401"
  integrity sha1-FtkR/xY+1fyAh6AWRb8Uu38yVAE=
  dependencies:
    "@vue/compiler-core" "3.2.36"
    "@vue/shared" "3.2.36"

"@vue/compiler-sfc@3.2.36", "@vue/compiler-sfc@^3.2.31":
  version "3.2.36"
  resolved "https://artifactory.otxlab.net:443/artifactory/api/npm/NPM_ORG/@vue/compiler-sfc/-/compiler-sfc-3.2.36.tgz#e5065e7c0e5170ffa750e3c3dd93a29db109d0f2"
  integrity sha1-5QZefA5RcP+nUOPD3ZOinbEJ0PI=
  dependencies:
    "@babel/parser" "^7.16.4"
    "@vue/compiler-core" "3.2.36"
    "@vue/compiler-dom" "3.2.36"
    "@vue/compiler-ssr" "3.2.36"
    "@vue/reactivity-transform" "3.2.36"
    "@vue/shared" "3.2.36"
    estree-walker "^2.0.2"
    magic-string "^0.25.7"
    postcss "^8.1.10"
    source-map "^0.6.1"

"@vue/compiler-ssr@3.2.36":
  version "3.2.36"
  resolved "https://artifactory.otxlab.net:443/artifactory/api/npm/NPM_ORG/@vue/compiler-ssr/-/compiler-ssr-3.2.36.tgz#314f3a9424db58142c3608f48cbda7aa05fc66cb"
  integrity sha1-MU86lCTbWBQsNgj0jL2nqgX8Zss=
  dependencies:
    "@vue/compiler-dom" "3.2.36"
    "@vue/shared" "3.2.36"

"@vue/reactivity-transform@3.2.36":
  version "3.2.36"
  resolved "https://artifactory.otxlab.net:443/artifactory/api/npm/NPM_ORG/@vue/reactivity-transform/-/reactivity-transform-3.2.36.tgz#8426a941b0b09d1b94fc162d4642758183b5d133"
  integrity sha1-hCapQbCwnRuU/BYtRkJ1gYO10TM=
  dependencies:
    "@babel/parser" "^7.16.4"
    "@vue/compiler-core" "3.2.36"
    "@vue/shared" "3.2.36"
    estree-walker "^2.0.2"
    magic-string "^0.25.7"

"@vue/reactivity@3.2.36", "@vue/reactivity@^3.2.31":
  version "3.2.36"
  resolved "https://artifactory.otxlab.net:443/artifactory/api/npm/NPM_ORG/@vue/reactivity/-/reactivity-3.2.36.tgz#026b14e716febffe80cd284fd8a2b33378968646"
  integrity sha1-AmsU5xb+v/6AzShP2KKzM3iWhkY=
  dependencies:
    "@vue/shared" "3.2.36"

"@vue/runtime-core@3.2.36":
  version "3.2.36"
  resolved "https://artifactory.otxlab.net:443/artifactory/api/npm/NPM_ORG/@vue/runtime-core/-/runtime-core-3.2.36.tgz#be5115e665679c26bf3807d2326675dc1d847134"
  integrity sha1-vlEV5mVnnCa/OAfSMmZ13B2EcTQ=
  dependencies:
    "@vue/reactivity" "3.2.36"
    "@vue/shared" "3.2.36"

"@vue/runtime-dom@3.2.36":
  version "3.2.36"
  resolved "https://artifactory.otxlab.net:443/artifactory/api/npm/NPM_ORG/@vue/runtime-dom/-/runtime-dom-3.2.36.tgz#cd5d403ea23c18ee7c17767103a1b2f8263c54bb"
  integrity sha1-zV1APqI8GO58F3ZxA6Gy+CY8VLs=
  dependencies:
    "@vue/runtime-core" "3.2.36"
    "@vue/shared" "3.2.36"
    csstype "^2.6.8"

"@vue/server-renderer@3.2.36":
  version "3.2.36"
  resolved "https://artifactory.otxlab.net:443/artifactory/api/npm/NPM_ORG/@vue/server-renderer/-/server-renderer-3.2.36.tgz#1e7c1cf63bd17df7828d04e8c780ee6ca7a9ed7c"
  integrity sha1-Hnwc9jvRffeCjQTox4DubKep7Xw=
  dependencies:
    "@vue/compiler-ssr" "3.2.36"
    "@vue/shared" "3.2.36"

"@vue/shared@3.2.36", "@vue/shared@^3.2.31":
  version "3.2.36"
  resolved "https://artifactory.otxlab.net:443/artifactory/api/npm/NPM_ORG/@vue/shared/-/shared-3.2.36.tgz#35e11200542cf29068ba787dad57da9bdb82f644"
  integrity sha1-NeESAFQs8pBounh9rVfam9uC9kQ=

ajv@~6.12.6:
  version "6.12.6"
  resolved "https://artifactory.otxlab.net:443/artifactory/api/npm/NPM_ORG/ajv/-/ajv-6.12.6.tgz#baf5a62e802b07d977034586f8c3baf5adf26df4"
  integrity sha1-uvWmLoArB9l3A0WG+MO69a3ybfQ=
  dependencies:
    fast-deep-equal "^3.1.1"
    fast-json-stable-stringify "^2.0.0"
    json-schema-traverse "^0.4.1"
    uri-js "^4.2.2"

ansi-styles@^4.1.0:
  version "4.3.0"
  resolved "https://artifactory.otxlab.net:443/artifactory/api/npm/NPM_ORG/ansi-styles/-/ansi-styles-4.3.0.tgz#edd803628ae71c04c85ae7a0906edad34b648937"
  integrity sha1-7dgDYornHATIWuegkG7a00tkiTc=
  dependencies:
    color-convert "^2.0.1"

argparse@~1.0.9:
  version "1.0.10"
  resolved "https://artifactory.otxlab.net:443/artifactory/api/npm/NPM_ORG/argparse/-/argparse-1.0.10.tgz#bcd6791ea5ae09725e17e5ad988134cd40b3d911"
  integrity sha1-vNZ5HqWuCXJeF+WtmIE0zUCz2RE=
  dependencies:
    sprintf-js "~1.0.2"

balanced-match@^1.0.0:
  version "1.0.2"
  resolved "https://artifactory.otxlab.net:443/artifactory/api/npm/NPM_ORG/balanced-match/-/balanced-match-1.0.2.tgz#e83e3a7e3f300b34cb9d87f615fa0cbf357690ee"
  integrity sha1-6D46fj8wCzTLnYf2FfoMvzV2kO4=

brace-expansion@^2.0.1:
  version "2.0.1"
  resolved "https://artifactory.otxlab.net:443/artifactory/api/npm/NPM_ORG/brace-expansion/-/brace-expansion-2.0.1.tgz#1edc459e0f0c548486ecf9fc99f2221364b9a0ae"
  integrity sha1-HtxFng8MVISG7Pn8mfIiE2S5oK4=
  dependencies:
    balanced-match "^1.0.0"

braces@^3.0.2:
  version "3.0.2"
  resolved "https://artifactory.otxlab.net:443/artifactory/api/npm/NPM_ORG/braces/-/braces-3.0.2.tgz#3454e1a462ee8d599e236df336cd9ea4f8afe107"
  integrity sha1-NFThpGLujVmeI23zNs2epPiv4Qc=
  dependencies:
    fill-range "^7.0.1"

chalk@^4.1.2:
  version "4.1.2"
  resolved "https://artifactory.otxlab.net:443/artifactory/api/npm/NPM_ORG/chalk/-/chalk-4.1.2.tgz#aac4e2b7734a740867aeb16bf02aad556a1e7a01"
  integrity sha1-qsTit3NKdAhnrrFr8CqtVWoeegE=
  dependencies:
    ansi-styles "^4.1.0"
    supports-color "^7.1.0"

code-block-writer@^11.0.0:
  version "11.0.0"
  resolved "https://artifactory.otxlab.net:443/artifactory/api/npm/NPM_ORG/code-block-writer/-/code-block-writer-11.0.0.tgz#5956fb186617f6740e2c3257757fea79315dd7d4"
  integrity sha1-WVb7GGYX9nQOLDJXdX/qeTFd19Q=
  dependencies:
    tslib "2.3.1"

color-convert@^2.0.1:
  version "2.0.1"
  resolved "https://artifactory.otxlab.net:443/artifactory/api/npm/NPM_ORG/color-convert/-/color-convert-2.0.1.tgz#72d3a68d598c9bdb3af2ad1e84f21d896abd4de3"
  integrity sha1-ctOmjVmMm9s68q0ehPIdiWq9TeM=
  dependencies:
    color-name "~1.1.4"

color-name@~1.1.4:
  version "1.1.4"
  resolved "https://artifactory.otxlab.net:443/artifactory/api/npm/NPM_ORG/color-name/-/color-name-1.1.4.tgz#c2a09a87acbde69543de6f63fa3995c826c536a2"
  integrity sha1-wqCah6y95pVD3m9j+jmVyCbFNqI=

colors@~1.2.1:
  version "1.2.5"
  resolved "https://artifactory.otxlab.net:443/artifactory/api/npm/NPM_ORG/colors/-/colors-1.2.5.tgz#89c7ad9a374bc030df8013241f68136ed8835afc"
  integrity sha1-icetmjdLwDDfgBMkH2gTbtiDWvw=

commander@^2.20.3:
  version "2.20.3"
  resolved "https://artifactory.otxlab.net:443/artifactory/api/npm/NPM_ORG/commander/-/commander-2.20.3.tgz#fd485e84c03eb4881c20722ba48035e8531aeb33"
  integrity sha1-/UhehMA+tIgcIHIrpIA16FMa6zM=

csstype@^2.6.8:
  version "2.6.20"
  resolved "https://artifactory.otxlab.net:443/artifactory/api/npm/NPM_ORG/csstype/-/csstype-2.6.20.tgz#9229c65ea0b260cf4d3d997cb06288e36a8d6dda"
  integrity sha1-kinGXqCyYM9NPZl8sGKI42qNbdo=

debug@^4.3.4:
  version "4.3.4"
  resolved "https://artifactory.otxlab.net:443/artifactory/api/npm/NPM_ORG/debug/-/debug-4.3.4.tgz#1319f6579357f2338d3337d2cdd4914bb5dcc865"
  integrity sha1-Exn2V5NX8jONMzfSzdSRS7XcyGU=
  dependencies:
    ms "2.1.2"

esbuild-android-64@0.14.39:
  version "0.14.39"
  resolved "https://artifactory.otxlab.net:443/artifactory/api/npm/NPM_ORG/esbuild-android-64/-/esbuild-android-64-0.14.39.tgz#09f12a372eed9743fd77ff6d889ac14f7b340c21"
  integrity sha1-CfEqNy7tl0P9d/9tiJrBT3s0DCE=

esbuild-android-arm64@0.14.39:
  version "0.14.39"
  resolved "https://artifactory.otxlab.net:443/artifactory/api/npm/NPM_ORG/esbuild-android-arm64/-/esbuild-android-arm64-0.14.39.tgz#f608d00ea03fe26f3b1ab92a30f99220390f3071"
  integrity sha1-9gjQDqA/4m87GrkqMPmSIDkPMHE=

esbuild-darwin-64@0.14.39:
  version "0.14.39"
  resolved "https://artifactory.otxlab.net:443/artifactory/api/npm/NPM_ORG/esbuild-darwin-64/-/esbuild-darwin-64-0.14.39.tgz#31528daa75b4c9317721ede344195163fae3e041"
  integrity sha1-MVKNqnW0yTF3Ie3jRBlRY/rj4EE=

esbuild-darwin-arm64@0.14.39:
  version "0.14.39"
  resolved "https://artifactory.otxlab.net:443/artifactory/api/npm/NPM_ORG/esbuild-darwin-arm64/-/esbuild-darwin-arm64-0.14.39.tgz#247f770d86d90a215fa194f24f90e30a0bd97245"
  integrity sha1-JH93DYbZCiFfoZTyT5DjCgvZckU=

esbuild-freebsd-64@0.14.39:
  version "0.14.39"
  resolved "https://artifactory.otxlab.net:443/artifactory/api/npm/NPM_ORG/esbuild-freebsd-64/-/esbuild-freebsd-64-0.14.39.tgz#479414d294905055eb396ebe455ed42213284ee0"
  integrity sha1-R5QU0pSQUFXrOW6+RV7UIhMoTuA=

esbuild-freebsd-arm64@0.14.39:
  version "0.14.39"
  resolved "https://artifactory.otxlab.net:443/artifactory/api/npm/NPM_ORG/esbuild-freebsd-arm64/-/esbuild-freebsd-arm64-0.14.39.tgz#cedeb10357c88533615921ae767a67dc870a474c"
  integrity sha1-zt6xA1fIhTNhWSGudnpn3IcKR0w=

esbuild-linux-32@0.14.39:
  version "0.14.39"
  resolved "https://artifactory.otxlab.net:443/artifactory/api/npm/NPM_ORG/esbuild-linux-32/-/esbuild-linux-32-0.14.39.tgz#d9f008c4322d771f3958f59c1eee5a05cdf92485"
  integrity sha1-2fAIxDItdx85WPWcHu5aBc35JIU=

esbuild-linux-64@0.14.39:
  version "0.14.39"
  resolved "https://artifactory.otxlab.net:443/artifactory/api/npm/NPM_ORG/esbuild-linux-64/-/esbuild-linux-64-0.14.39.tgz#ba58d7f66858913aeb1ab5c6bde1bbd824731795"
  integrity sha1-uljX9mhYkTrrGrXGveG72CRzF5U=

esbuild-linux-arm64@0.14.39:
  version "0.14.39"
  resolved "https://artifactory.otxlab.net:443/artifactory/api/npm/NPM_ORG/esbuild-linux-arm64/-/esbuild-linux-arm64-0.14.39.tgz#708785a30072702b5b1c16b65cf9c25c51202529"
  integrity sha1-cIeFowBycCtbHBa2XPnCXFEgJSk=

esbuild-linux-arm@0.14.39:
  version "0.14.39"
  resolved "https://artifactory.otxlab.net:443/artifactory/api/npm/NPM_ORG/esbuild-linux-arm/-/esbuild-linux-arm-0.14.39.tgz#4e8b5deaa7ab60d0d28fab131244ef82b40684f4"
  integrity sha1-Totd6qerYNDSj6sTEkTvgrQGhPQ=

esbuild-linux-mips64le@0.14.39:
  version "0.14.39"
  resolved "https://artifactory.otxlab.net:443/artifactory/api/npm/NPM_ORG/esbuild-linux-mips64le/-/esbuild-linux-mips64le-0.14.39.tgz#6f3bf3023f711084e5a1e8190487d2020f39f0f7"
  integrity sha1-bzvzAj9xEITloegZBIfSAg858Pc=

esbuild-linux-ppc64le@0.14.39:
  version "0.14.39"
  resolved "https://artifactory.otxlab.net:443/artifactory/api/npm/NPM_ORG/esbuild-linux-ppc64le/-/esbuild-linux-ppc64le-0.14.39.tgz#900e718a4ea3f6aedde8424828eeefdd4b48d4b9"
  integrity sha1-kA5xik6j9q7d6EJIKO7v3UtI1Lk=

esbuild-linux-riscv64@0.14.39:
  version "0.14.39"
  resolved "https://artifactory.otxlab.net:443/artifactory/api/npm/NPM_ORG/esbuild-linux-riscv64/-/esbuild-linux-riscv64-0.14.39.tgz#dcbff622fa37047a75d2ff7a1d8d2949d80277e4"
  integrity sha1-3L/2Ivo3BHp10v96HY0pSdgCd+Q=

esbuild-linux-s390x@0.14.39:
  version "0.14.39"
  resolved "https://artifactory.otxlab.net:443/artifactory/api/npm/NPM_ORG/esbuild-linux-s390x/-/esbuild-linux-s390x-0.14.39.tgz#3f725a7945b419406c99d93744b28552561dcdfd"
  integrity sha1-P3JaeUW0GUBsmdk3RLKFUlYdzf0=

esbuild-netbsd-64@0.14.39:
  version "0.14.39"
  resolved "https://artifactory.otxlab.net:443/artifactory/api/npm/NPM_ORG/esbuild-netbsd-64/-/esbuild-netbsd-64-0.14.39.tgz#e10e40b6a765798b90d4eb85901cc85c8b7ff85e"
  integrity sha1-4Q5AtqdleYuQ1OuFkBzIXIt/+F4=

esbuild-openbsd-64@0.14.39:
  version "0.14.39"
  resolved "https://artifactory.otxlab.net:443/artifactory/api/npm/NPM_ORG/esbuild-openbsd-64/-/esbuild-openbsd-64-0.14.39.tgz#935ec143f75ce10bd9cdb1c87fee00287eb0edbc"
  integrity sha1-k17BQ/dc4QvZzbHIf+4AKH6w7bw=

esbuild-sunos-64@0.14.39:
  version "0.14.39"
  resolved "https://artifactory.otxlab.net:443/artifactory/api/npm/NPM_ORG/esbuild-sunos-64/-/esbuild-sunos-64-0.14.39.tgz#0e7aa82b022a2e6d55b0646738b2582c2d72c3c0"
  integrity sha1-DnqoKwIqLm1VsGRnOLJYLC1yw8A=

esbuild-windows-32@0.14.39:
  version "0.14.39"
  resolved "https://artifactory.otxlab.net:443/artifactory/api/npm/NPM_ORG/esbuild-windows-32/-/esbuild-windows-32-0.14.39.tgz#3f1538241f31b538545f4b5841b248cac260fa35"
  integrity sha1-PxU4JB8xtThUX0tYQbJIysJg+jU=

esbuild-windows-64@0.14.39:
  version "0.14.39"
  resolved "https://artifactory.otxlab.net:443/artifactory/api/npm/NPM_ORG/esbuild-windows-64/-/esbuild-windows-64-0.14.39.tgz#b100c59f96d3c2da2e796e42fee4900d755d3e03"
  integrity sha1-sQDFn5bTwtoueW5C/uSQDXVdPgM=

esbuild-windows-arm64@0.14.39:
  version "0.14.39"
  resolved "https://artifactory.otxlab.net:443/artifactory/api/npm/NPM_ORG/esbuild-windows-arm64/-/esbuild-windows-arm64-0.14.39.tgz#00268517e665b33c89778d61f144e4256b39f631"
  integrity sha1-ACaFF+ZlszyJd41h8UTkJWs59jE=

esbuild@^0.14.27:
  version "0.14.39"
  resolved "https://artifactory.otxlab.net:443/artifactory/api/npm/NPM_ORG/esbuild/-/esbuild-0.14.39.tgz#c926b2259fe6f6d3a94f528fb42e103c5a6d909a"
  integrity sha1-ySayJZ/m9tOpT1KPtC4QPFptkJo=
  optionalDependencies:
    esbuild-android-64 "0.14.39"
    esbuild-android-arm64 "0.14.39"
    esbuild-darwin-64 "0.14.39"
    esbuild-darwin-arm64 "0.14.39"
    esbuild-freebsd-64 "0.14.39"
    esbuild-freebsd-arm64 "0.14.39"
    esbuild-linux-32 "0.14.39"
    esbuild-linux-64 "0.14.39"
    esbuild-linux-arm "0.14.39"
    esbuild-linux-arm64 "0.14.39"
    esbuild-linux-mips64le "0.14.39"
    esbuild-linux-ppc64le "0.14.39"
    esbuild-linux-riscv64 "0.14.39"
    esbuild-linux-s390x "0.14.39"
    esbuild-netbsd-64 "0.14.39"
    esbuild-openbsd-64 "0.14.39"
    esbuild-sunos-64 "0.14.39"
    esbuild-windows-32 "0.14.39"
    esbuild-windows-64 "0.14.39"
    esbuild-windows-arm64 "0.14.39"

estree-walker@^2.0.2:
  version "2.0.2"
  resolved "https://artifactory.otxlab.net:443/artifactory/api/npm/NPM_ORG/estree-walker/-/estree-walker-2.0.2.tgz#52f010178c2a4c117a7757cfe942adb7d2da4cac"
  integrity sha1-UvAQF4wqTBF6d1fP6UKtt9LaTKw=

fast-deep-equal@^3.1.1:
  version "3.1.3"
  resolved "https://artifactory.otxlab.net:443/artifactory/api/npm/NPM_ORG/fast-deep-equal/-/fast-deep-equal-3.1.3.tgz#3a7d56b559d6cbc3eb512325244e619a65c6c525"
  integrity sha1-On1WtVnWy8PrUSMlJE5hmmXGxSU=

fast-glob@^3.2.11:
  version "3.2.11"
  resolved "https://artifactory.otxlab.net:443/artifactory/api/npm/NPM_ORG/fast-glob/-/fast-glob-3.2.11.tgz#a1172ad95ceb8a16e20caa5c5e56480e5129c1d9"
  integrity sha1-oRcq2VzrihbiDKpcXlZIDlEpwdk=
  dependencies:
    "@nodelib/fs.stat" "^2.0.2"
    "@nodelib/fs.walk" "^1.2.3"
    glob-parent "^5.1.2"
    merge2 "^1.3.0"
    micromatch "^4.0.4"

fast-json-stable-stringify@^2.0.0:
  version "2.1.0"
  resolved "https://artifactory.otxlab.net:443/artifactory/api/npm/NPM_ORG/fast-json-stable-stringify/-/fast-json-stable-stringify-2.1.0.tgz#874bf69c6f404c2b5d99c481341399fd55892633"
  integrity sha1-h0v2nG9ATCtdmcSBNBOZ/VWJJjM=

fastq@^1.6.0:
  version "1.13.0"
  resolved "https://artifactory.otxlab.net:443/artifactory/api/npm/NPM_ORG/fastq/-/fastq-1.13.0.tgz#616760f88a7526bdfc596b7cab8c18938c36b98c"
  integrity sha1-YWdg+Ip1Jr38WWt8q4wYk4w2uYw=
  dependencies:
    reusify "^1.0.4"

fill-range@^7.0.1:
  version "7.0.1"
  resolved "https://artifactory.otxlab.net:443/artifactory/api/npm/NPM_ORG/fill-range/-/fill-range-7.0.1.tgz#1919a6a7c75fe38b2c7c77e5198535da9acdda40"
  integrity sha1-GRmmp8df44ssfHflGYU12prN2kA=
  dependencies:
    to-regex-range "^5.0.1"

fs-extra@^10.0.1:
  version "10.1.0"
  resolved "https://artifactory.otxlab.net:443/artifactory/api/npm/NPM_ORG/fs-extra/-/fs-extra-10.1.0.tgz#02873cfbc4084dde127eaa5f9905eef2325d1abf"
  integrity sha1-Aoc8+8QITd4SfqpfmQXu8jJdGr8=
  dependencies:
    graceful-fs "^4.2.0"
    jsonfile "^6.0.1"
    universalify "^2.0.0"

fs-extra@~7.0.1:
  version "7.0.1"
  resolved "https://artifactory.otxlab.net:443/artifactory/api/npm/NPM_ORG/fs-extra/-/fs-extra-7.0.1.tgz#4f189c44aa123b895f722804f55ea23eadc348e9"
  integrity sha1-TxicRKoSO4lfcigE9V6iPq3DSOk=
  dependencies:
    graceful-fs "^4.1.2"
    jsonfile "^4.0.0"
    universalify "^0.1.0"

fsevents@~2.3.2:
  version "2.3.2"
  resolved "https://artifactory.otxlab.net:443/artifactory/api/npm/NPM_ORG/fsevents/-/fsevents-2.3.2.tgz#8a526f78b8fdf4623b709e0b975c52c24c02fd1a"
  integrity sha1-ilJveLj99GI7cJ4Ll1xSwkwC/Ro=

function-bind@^1.1.1:
  version "1.1.1"
  resolved "https://artifactory.otxlab.net:443/artifactory/api/npm/NPM_ORG/function-bind/-/function-bind-1.1.1.tgz#a56899d3ea3c9bab874bb9773b7c5ede92f4895d"
  integrity sha1-pWiZ0+o8m6uHS7l3O3xe3pL0iV0=

glob-parent@^5.1.2:
  version "5.1.2"
  resolved "https://artifactory.otxlab.net:443/artifactory/api/npm/NPM_ORG/glob-parent/-/glob-parent-5.1.2.tgz#869832c58034fe68a4093c17dc15e8340d8401c4"
  integrity sha1-hpgyxYA0/mikCTwX3BXoNA2EAcQ=
  dependencies:
    is-glob "^4.0.1"

graceful-fs@^4.1.2, graceful-fs@^4.1.6, graceful-fs@^4.2.0:
  version "4.2.10"
  resolved "https://artifactory.otxlab.net:443/artifactory/api/npm/NPM_ORG/graceful-fs/-/graceful-fs-4.2.10.tgz#147d3a006da4ca3ce14728c7aefc287c367d7a6c"
  integrity sha1-FH06AG2kyjzhRyjHrvwofDZ9emw=

has-flag@^4.0.0:
  version "4.0.0"
  resolved "https://artifactory.otxlab.net:443/artifactory/api/npm/NPM_ORG/has-flag/-/has-flag-4.0.0.tgz#944771fd9c81c81265c4d6941860da06bb59479b"
  integrity sha1-lEdx/ZyByBJlxNaUGGDaBrtZR5s=

has@^1.0.3:
  version "1.0.3"
  resolved "https://artifactory.otxlab.net:443/artifactory/api/npm/NPM_ORG/has/-/has-1.0.3.tgz#722d7cbfc1f6aa8241f16dd814e011e1f41e8796"
  integrity sha1-ci18v8H2qoJB8W3YFOAR4fQeh5Y=
  dependencies:
    function-bind "^1.1.1"

import-lazy@~4.0.0:
  version "4.0.0"
  resolved "https://artifactory.otxlab.net:443/artifactory/api/npm/NPM_ORG/import-lazy/-/import-lazy-4.0.0.tgz#e8eb627483a0a43da3c03f3e35548be5cb0cc153"
  integrity sha1-6OtidIOgpD2jwD8+NVSL5csMwVM=

is-core-module@^2.1.0, is-core-module@^2.8.1:
  version "2.9.0"
  resolved "https://artifactory.otxlab.net:443/artifactory/api/npm/NPM_ORG/is-core-module/-/is-core-module-2.9.0.tgz#e1c34429cd51c6dd9e09e0799e396e27b19a9c69"
  integrity sha1-4cNEKc1Rxt2eCeB5njluJ7GanGk=
  dependencies:
    has "^1.0.3"

is-extglob@^2.1.1:
  version "2.1.1"
  resolved "https://artifactory.otxlab.net:443/artifactory/api/npm/NPM_ORG/is-extglob/-/is-extglob-2.1.1.tgz#a88c02535791f02ed37c76a1b9ea9773c833f8c2"
  integrity sha1-qIwCU1eR8C7TfHahueqXc8gz+MI=

is-glob@^4.0.1:
  version "4.0.3"
  resolved "https://artifactory.otxlab.net:443/artifactory/api/npm/NPM_ORG/is-glob/-/is-glob-4.0.3.tgz#64f61e42cbbb2eec2071a9dac0b28ba1e65d5084"
  integrity sha1-ZPYeQsu7LuwgcanawLKLoeZdUIQ=
  dependencies:
    is-extglob "^2.1.1"

is-number@^7.0.0:
  version "7.0.0"
  resolved "https://artifactory.otxlab.net:443/artifactory/api/npm/NPM_ORG/is-number/-/is-number-7.0.0.tgz#7535345b896734d5f80c4d06c50955527a14f12b"
  integrity sha1-dTU0W4lnNNX4DE0GxQlVUnoU8Ss=

jju@~1.4.0:
  version "1.4.0"
  resolved "https://artifactory.otxlab.net:443/artifactory/api/npm/NPM_ORG/jju/-/jju-1.4.0.tgz#a3abe2718af241a2b2904f84a625970f389ae32a"
  integrity sha1-o6vicYryQaKykE+EpiWXDzia4yo=

json-schema-traverse@^0.4.1:
  version "0.4.1"
  resolved "https://artifactory.otxlab.net:443/artifactory/api/npm/NPM_ORG/json-schema-traverse/-/json-schema-traverse-0.4.1.tgz#69f6a87d9513ab8bb8fe63bdb0979c448e684660"
  integrity sha1-afaofZUTq4u4/mO9sJecRI5oRmA=

jsonfile@^4.0.0:
  version "4.0.0"
  resolved "https://artifactory.otxlab.net:443/artifactory/api/npm/NPM_ORG/jsonfile/-/jsonfile-4.0.0.tgz#8771aae0799b64076b76640fca058f9c10e33ecb"
  integrity sha1-h3Gq4HmbZAdrdmQPygWPnBDjPss=
  optionalDependencies:
    graceful-fs "^4.1.6"

jsonfile@^6.0.1:
  version "6.1.0"
  resolved "https://artifactory.otxlab.net:443/artifactory/api/npm/NPM_ORG/jsonfile/-/jsonfile-6.1.0.tgz#bc55b2634793c679ec6403094eb13698a6ec0aae"
  integrity sha1-vFWyY0eTxnnsZAMJTrE2mKbsCq4=
  dependencies:
    universalify "^2.0.0"
  optionalDependencies:
    graceful-fs "^4.1.6"

lodash.get@^4.4.2:
  version "4.4.2"
  resolved "https://artifactory.otxlab.net:443/artifactory/api/npm/NPM_ORG/lodash.get/-/lodash.get-4.4.2.tgz#2d177f652fa31e939b4438d5341499dfa3825e99"
  integrity sha1-LRd/ZS+jHpObRDjVNBSZ36OCXpk=

lodash.isequal@^4.5.0:
  version "4.5.0"
  resolved "https://artifactory.otxlab.net:443/artifactory/api/npm/NPM_ORG/lodash.isequal/-/lodash.isequal-4.5.0.tgz#415c4478f2bcc30120c22ce10ed3226f7d3e18e0"
  integrity sha1-QVxEePK8wwEgwizhDtMib30+GOA=

lodash@~4.17.15:
  version "4.17.21"
  resolved "https://artifactory.otxlab.net:443/artifactory/api/npm/NPM_ORG/lodash/-/lodash-4.17.21.tgz#679591c564c3bffaae8454cf0b3df370c3d6911c"
  integrity sha1-Z5WRxWTDv/quhFTPCz3zcMPWkRw=

lru-cache@^6.0.0:
  version "6.0.0"
  resolved "https://artifactory.otxlab.net:443/artifactory/api/npm/NPM_ORG/lru-cache/-/lru-cache-6.0.0.tgz#6d6fe6570ebd96aaf90fcad1dafa3b2566db3a94"
  integrity sha1-bW/mVw69lqr5D8rR2vo7JWbbOpQ=
  dependencies:
    yallist "^4.0.0"

magic-string@^0.25.7:
  version "0.25.9"
  resolved "https://artifactory.otxlab.net:443/artifactory/api/npm/NPM_ORG/magic-string/-/magic-string-0.25.9.tgz#de7f9faf91ef8a1c91d02c2e5314c8277dbcdd1c"
  integrity sha1-3n+fr5HvihyR0CwuUxTIJ3283Rw=
  dependencies:
    sourcemap-codec "^1.4.8"

merge2@^1.3.0:
  version "1.4.1"
  resolved "https://artifactory.otxlab.net:443/artifactory/api/npm/NPM_ORG/merge2/-/merge2-1.4.1.tgz#4368892f885e907455a6fd7dc55c0c9d404990ae"
  integrity sha1-Q2iJL4hekHRVpv19xVwMnUBJkK4=

micromatch@^4.0.4:
  version "4.0.5"
  resolved "https://artifactory.otxlab.net:443/artifactory/api/npm/NPM_ORG/micromatch/-/micromatch-4.0.5.tgz#bc8999a7cbbf77cdc89f132f6e467051b49090c6"
  integrity sha1-vImZp8u/d83InxMvbkZwUbSQkMY=
  dependencies:
    braces "^3.0.2"
    picomatch "^2.3.1"

minimatch@^5.0.1:
  version "5.1.0"
  resolved "https://artifactory.otxlab.net:443/artifactory/api/npm/NPM_ORG/minimatch/-/minimatch-5.1.0.tgz#1717b464f4971b144f6aabe8f2d0b8e4511e09c7"
  integrity sha1-Fxe0ZPSXGxRPaqvo8tC45FEeCcc=
  dependencies:
    brace-expansion "^2.0.1"

mkdirp@^1.0.4:
  version "1.0.4"
  resolved "https://artifactory.otxlab.net:443/artifactory/api/npm/NPM_ORG/mkdirp/-/mkdirp-1.0.4.tgz#3eb5ed62622756d79a5f0e2a221dfebad75c2f7e"
  integrity sha1-PrXtYmInVteaXw4qIh3+utdcL34=

ms@2.1.2:
  version "2.1.2"
  resolved "https://artifactory.otxlab.net:443/artifactory/api/npm/NPM_ORG/ms/-/ms-2.1.2.tgz#d09d1f357b443f493382a8eb3ccd183872ae6009"
  integrity sha1-0J0fNXtEP0kzgqjrPM0YOHKuYAk=

nanoid@^3.3.4:
  version "3.3.4"
  resolved "https://artifactory.otxlab.net:443/artifactory/api/npm/NPM_ORG/nanoid/-/nanoid-3.3.4.tgz#730b67e3cd09e2deacf03c027c81c9d9dbc5e8ab"
  integrity sha1-cwtn480J4t6s8DwCfIHJ2dvF6Ks=

path-browserify@^1.0.1:
  version "1.0.1"
  resolved "https://artifactory.otxlab.net:443/artifactory/api/npm/NPM_ORG/path-browserify/-/path-browserify-1.0.1.tgz#d98454a9c3753d5790860f16f68867b9e46be1fd"
  integrity sha1-2YRUqcN1PVeQhg8W9ohnueRr4f0=

path-parse@^1.0.6, path-parse@^1.0.7:
  version "1.0.7"
  resolved "https://artifactory.otxlab.net:443/artifactory/api/npm/NPM_ORG/path-parse/-/path-parse-1.0.7.tgz#fbc114b60ca42b30d9daf5858e4bd68bbedb6735"
  integrity sha1-+8EUtgykKzDZ2vWFjkvWi77bZzU=

picocolors@^1.0.0:
  version "1.0.0"
  resolved "https://artifactory.otxlab.net:443/artifactory/api/npm/NPM_ORG/picocolors/-/picocolors-1.0.0.tgz#cb5bdc74ff3f51892236eaf79d68bc44564ab81c"
  integrity sha1-y1vcdP8/UYkiNur3nWi8RFZKuBw=

picomatch@^2.3.1:
  version "2.3.1"
  resolved "https://artifactory.otxlab.net:443/artifactory/api/npm/NPM_ORG/picomatch/-/picomatch-2.3.1.tgz#3ba3833733646d9d3e4995946c1365a67fb07a42"
  integrity sha1-O6ODNzNkbZ0+SZWUbBNlpn+wekI=

postcss@^8.1.10, postcss@^8.4.13:
  version "8.4.14"
  resolved "https://artifactory.otxlab.net:443/artifactory/api/npm/NPM_ORG/postcss/-/postcss-8.4.14.tgz#ee9274d5622b4858c1007a74d76e42e56fd21caf"
  integrity sha1-7pJ01WIrSFjBAHp0125C5W/SHK8=
  dependencies:
    nanoid "^3.3.4"
    picocolors "^1.0.0"
    source-map-js "^1.0.2"

punycode@^2.1.0:
  version "2.1.1"
  resolved "https://artifactory.otxlab.net:443/artifactory/api/npm/NPM_ORG/punycode/-/punycode-2.1.1.tgz#b58b010ac40c22c5657616c8d2c2c02c7bf479ec"
  integrity sha1-tYsBCsQMIsVldhbI0sLALHv0eew=

queue-microtask@^1.2.2:
  version "1.2.3"
  resolved "https://artifactory.otxlab.net:443/artifactory/api/npm/NPM_ORG/queue-microtask/-/queue-microtask-1.2.3.tgz#4929228bbc724dfac43e0efb058caf7b6cfb6243"
  integrity sha1-SSkii7xyTfrEPg77BYyve2z7YkM=

resolve@^1.22.0:
  version "1.22.0"
  resolved "https://artifactory.otxlab.net:443/artifactory/api/npm/NPM_ORG/resolve/-/resolve-1.22.0.tgz#5e0b8c67c15df57a89bdbabe603a002f21731198"
  integrity sha1-XguMZ8Fd9XqJvbq+YDoALyFzEZg=
  dependencies:
    is-core-module "^2.8.1"
    path-parse "^1.0.7"
    supports-preserve-symlinks-flag "^1.0.0"

resolve@~1.17.0:
  version "1.17.0"
  resolved "https://artifactory.otxlab.net:443/artifactory/api/npm/NPM_ORG/resolve/-/resolve-1.17.0.tgz#b25941b54968231cc2d1bb76a79cb7f2c0bf8444"
  integrity sha1-sllBtUloIxzC0bt2p5y38sC/hEQ=
  dependencies:
    path-parse "^1.0.6"

resolve@~1.19.0:
  version "1.19.0"
  resolved "https://artifactory.otxlab.net:443/artifactory/api/npm/NPM_ORG/resolve/-/resolve-1.19.0.tgz#1af5bf630409734a067cae29318aac7fa29a267c"
  integrity sha1-GvW/YwQJc0oGfK4pMYqsf6KaJnw=
  dependencies:
    is-core-module "^2.1.0"
    path-parse "^1.0.6"

reusify@^1.0.4:
  version "1.0.4"
  resolved "https://artifactory.otxlab.net:443/artifactory/api/npm/NPM_ORG/reusify/-/reusify-1.0.4.tgz#90da382b1e126efc02146e90845a88db12925d76"
  integrity sha1-kNo4Kx4SbvwCFG6QhFqI2xKSXXY=

rollup@^2.59.0:
  version "2.74.1"
  resolved "https://artifactory.otxlab.net:443/artifactory/api/npm/NPM_ORG/rollup/-/rollup-2.74.1.tgz#4fba0ff1c312cc4ee82691b154eee69a0d01929f"
  integrity sha1-T7oP8cMSzE7oJpGxVO7mmg0Bkp8=
  optionalDependencies:
    fsevents "~2.3.2"

run-parallel@^1.1.9:
  version "1.2.0"
  resolved "https://artifactory.otxlab.net:443/artifactory/api/npm/NPM_ORG/run-parallel/-/run-parallel-1.2.0.tgz#66d1368da7bdf921eb9d95bd1a9229e7f21a43ee"
  integrity sha1-ZtE2jae9+SHrnZW9GpIp5/IaQ+4=
  dependencies:
    queue-microtask "^1.2.2"

semver@~7.3.0:
  version "7.3.7"
  resolved "https://artifactory.otxlab.net:443/artifactory/api/npm/NPM_ORG/semver/-/semver-7.3.7.tgz#12c5b649afdbf9049707796e22a4028814ce523f"
  integrity sha1-EsW2Sa/b+QSXB3luIqQCiBTOUj8=
  dependencies:
    lru-cache "^6.0.0"

source-map-js@^1.0.2:
  version "1.0.2"
  resolved "https://artifactory.otxlab.net:443/artifactory/api/npm/NPM_ORG/source-map-js/-/source-map-js-1.0.2.tgz#adbc361d9c62df380125e7f161f71c826f1e490c"
  integrity sha1-rbw2HZxi3zgBJefxYfccgm8eSQw=

source-map@^0.6.1, source-map@~0.6.1:
  version "0.6.1"
  resolved "https://artifactory.otxlab.net:443/artifactory/api/npm/NPM_ORG/source-map/-/source-map-0.6.1.tgz#74722af32e9614e9c287a8d0bbde48b5e2f1a263"
  integrity sha1-dHIq8y6WFOnCh6jQu95IteLxomM=

sourcemap-codec@^1.4.8:
  version "1.4.8"
  resolved "https://artifactory.otxlab.net:443/artifactory/api/npm/NPM_ORG/sourcemap-codec/-/sourcemap-codec-1.4.8.tgz#ea804bd94857402e6992d05a38ef1ae35a9ab4c4"
  integrity sha1-6oBL2UhXQC5pktBaOO8a41qatMQ=

sprintf-js@~1.0.2:
  version "1.0.3"
  resolved "https://artifactory.otxlab.net:443/artifactory/api/npm/NPM_ORG/sprintf-js/-/sprintf-js-1.0.3.tgz#04e6926f662895354f3dd015203633b857297e2c"
  integrity sha1-BOaSb2YolTVPPdAVIDYzuFcpfiw=

string-argv@~0.3.1:
  version "0.3.1"
  resolved "https://artifactory.otxlab.net:443/artifactory/api/npm/NPM_ORG/string-argv/-/string-argv-0.3.1.tgz#95e2fbec0427ae19184935f816d74aaa4c5c19da"
  integrity sha1-leL77AQnrhkYSTX4FtdKqkxcGdo=

strip-json-comments@~3.1.1:
  version "3.1.1"
  resolved "https://artifactory.otxlab.net:443/artifactory/api/npm/NPM_ORG/strip-json-comments/-/strip-json-comments-3.1.1.tgz#31f1281b3832630434831c310c01cccda8cbe006"
  integrity sha1-MfEoGzgyYwQ0gxwxDAHMzajL4AY=

supports-color@^7.1.0:
  version "7.2.0"
  resolved "https://artifactory.otxlab.net:443/artifactory/api/npm/NPM_ORG/supports-color/-/supports-color-7.2.0.tgz#1b7dcdcb32b8138801b3e478ba6a51caa89648da"
  integrity sha1-G33NyzK4E4gBs+R4umpRyqiWSNo=
  dependencies:
    has-flag "^4.0.0"

supports-preserve-symlinks-flag@^1.0.0:
  version "1.0.0"
  resolved "https://artifactory.otxlab.net:443/artifactory/api/npm/NPM_ORG/supports-preserve-symlinks-flag/-/supports-preserve-symlinks-flag-1.0.0.tgz#6eda4bd344a3c94aea376d4cc31bc77311039e09"
  integrity sha1-btpL00SjyUrqN21MwxvHcxEDngk=

timsort@~0.3.0:
  version "0.3.0"
  resolved "https://artifactory.otxlab.net:443/artifactory/api/npm/NPM_ORG/timsort/-/timsort-0.3.0.tgz#405411a8e7e6339fe64db9a234de11dc31e02bd4"
  integrity sha1-QFQRqOfmM5/mTbmiNN4R3DHgK9Q=

to-regex-range@^5.0.1:
  version "5.0.1"
  resolved "https://artifactory.otxlab.net:443/artifactory/api/npm/NPM_ORG/to-regex-range/-/to-regex-range-5.0.1.tgz#1648c44aae7c8d988a326018ed72f5b4dd0392e4"
  integrity sha1-FkjESq58jZiKMmAY7XL1tN0DkuQ=
  dependencies:
    is-number "^7.0.0"

ts-morph@^14.0.0:
  version "14.0.0"
  resolved "https://artifactory.otxlab.net:443/artifactory/api/npm/NPM_ORG/ts-morph/-/ts-morph-14.0.0.tgz#6bffb7e4584cf6a9aebce2066bf4258e1d03f9fa"
  integrity sha1-a/+35FhM9qmuvOIGa/Qljh0D+fo=
  dependencies:
    "@ts-morph/common" "~0.13.0"
    code-block-writer "^11.0.0"

tslib@2.3.1:
  version "2.3.1"
  resolved "https://artifactory.otxlab.net:443/artifactory/api/npm/NPM_ORG/tslib/-/tslib-2.3.1.tgz#e8a335add5ceae51aa261d32a490158ef042ef01"
  integrity sha1-6KM1rdXOrlGqJh0ypJAVjvBC7wE=

typescript@^4.6.4, typescript@~4.6.3:
  version "4.6.4"
  resolved "https://artifactory.otxlab.net:443/artifactory/api/npm/NPM_ORG/typescript/-/typescript-4.6.4.tgz#caa78bbc3a59e6a5c510d35703f6a09877ce45e9"
  integrity sha1-yqeLvDpZ5qXFENNXA/agmHfORek=

universalify@^0.1.0:
  version "0.1.2"
  resolved "https://artifactory.otxlab.net:443/artifactory/api/npm/NPM_ORG/universalify/-/universalify-0.1.2.tgz#b646f69be3942dabcecc9d6639c80dc105efaa66"
  integrity sha1-tkb2m+OULavOzJ1mOcgNwQXvqmY=

universalify@^2.0.0:
  version "2.0.0"
  resolved "https://artifactory.otxlab.net:443/artifactory/api/npm/NPM_ORG/universalify/-/universalify-2.0.0.tgz#75a4984efedc4b08975c5aeb73f530d02df25717"
  integrity sha1-daSYTv7cSwiXXFrrc/Uw0C3yVxc=

uri-js@^4.2.2:
  version "4.4.1"
  resolved "https://artifactory.otxlab.net:443/artifactory/api/npm/NPM_ORG/uri-js/-/uri-js-4.4.1.tgz#9b1a52595225859e55f669d928f88c6c57f2a77e"
  integrity sha1-mxpSWVIlhZ5V9mnZKPiMbFfyp34=
  dependencies:
    punycode "^2.1.0"

validator@^13.7.0:
  version "13.7.0"
  resolved "https://artifactory.otxlab.net:443/artifactory/api/npm/NPM_ORG/validator/-/validator-13.7.0.tgz#4f9658ba13ba8f3d82ee881d3516489ea85c0857"
  integrity sha1-T5ZYuhO6jz2C7ogdNRZInqhcCFc=

vite-plugin-dts@^1.1.1:
  version "1.1.1"
  resolved "https://artifactory.otxlab.net:443/artifactory/api/npm/NPM_ORG/vite-plugin-dts/-/vite-plugin-dts-1.1.1.tgz#3bbb70dab2a299a20119702c9b9858351a954fd5"
  integrity sha1-O7tw2rKimaIBGXAsm5hYNRqVT9U=
  dependencies:
    "@microsoft/api-extractor" "^7.20.0"
    "@rushstack/node-core-library" "^3.45.1"
    chalk "^4.1.2"
    debug "^4.3.4"
    fast-glob "^3.2.11"
    fs-extra "^10.0.1"
    ts-morph "^14.0.0"

vite@^2.9.9:
  version "2.9.9"
  resolved "https://artifactory.otxlab.net:443/artifactory/api/npm/NPM_ORG/vite/-/vite-2.9.9.tgz#8b558987db5e60fedec2f4b003b73164cb081c5e"
  integrity sha1-i1WJh9teYP7ewvSwA7cxZMsIHF4=
  dependencies:
    esbuild "^0.14.27"
    postcss "^8.4.13"
    resolve "^1.22.0"
    rollup "^2.59.0"
  optionalDependencies:
    fsevents "~2.3.2"

vue-tsc@^0.34.16:
  version "0.34.16"
  resolved "https://artifactory.otxlab.net:443/artifactory/api/npm/NPM_ORG/vue-tsc/-/vue-tsc-0.34.16.tgz#92cc8cc23bc3e979d44bc8ed9a318d46ee5201fa"
  integrity sha1-ksyMwjvD6XnUS8jtmjGNRu5SAfo=
  dependencies:
    "@volar/vue-typescript" "0.34.16"

vue@^3.2.36:
  version "3.2.36"
  resolved "https://artifactory.otxlab.net:443/artifactory/api/npm/NPM_ORG/vue/-/vue-3.2.36.tgz#8daa996e2ced521708de97d066c7c998e8bc3378"
  integrity sha1-jaqZbiztUhcI3pfQZsfJmOi8M3g=
  dependencies:
    "@vue/compiler-dom" "3.2.36"
    "@vue/compiler-sfc" "3.2.36"
    "@vue/runtime-dom" "3.2.36"
    "@vue/server-renderer" "3.2.36"
    "@vue/shared" "3.2.36"

yallist@^4.0.0:
  version "4.0.0"
  resolved "https://artifactory.otxlab.net:443/artifactory/api/npm/NPM_ORG/yallist/-/yallist-4.0.0.tgz#9bb92790d9c0effec63be73519e11a35019a3a72"
  integrity sha1-m7knkNnA7/7GO+c1GeEaNQGaOnI=

z-schema@~5.0.2:
  version "5.0.3"
  resolved "https://artifactory.otxlab.net:443/artifactory/api/npm/NPM_ORG/z-schema/-/z-schema-5.0.3.tgz#68fafb9b735fc7f3c89eabb3e5a6353b4d7b4935"
  integrity sha1-aPr7m3Nfx/PInquz5aY1O017STU=
  dependencies:
    lodash.get "^4.4.2"
    lodash.isequal "^4.5.0"
    validator "^13.7.0"
  optionalDependencies:
    commander "^2.20.3"
